
Microsoft Visual Studio Solution File, Format Version 12.00
# Visual Studio Version 16
VisualStudioVersion = 16.0.29721.120
MinimumVisualStudioVersion = 10.0.40219.1
Project("{2150E333-8FDC-42A3-9474-1A3956D46DE8}") = "Docs", "Docs", "{E6415D73-D9E9-4D93-A235-C355826C1F05}"
	ProjectSection(SolutionItems) = preProject
		Docs\DDD.pptx = Docs\DDD.pptx
		..\..\..\..\..\..\..\NetStars\LeaveDB.backup = ..\..\..\..\..\..\..\NetStars\LeaveDB.backup
		..\..\..\..\..\Desktop\LeaveDDD.postman_collection.json = ..\..\..\..\..\Desktop\LeaveDDD.postman_collection.json
	EndProjectSection
EndProject
Project("{9A19103F-16F7-4668-BE54-9A1E7A4F7556}") = "Application", "Application\Application.csproj", "{AD8E35F7-7B11-4588-BF3A-165232046B6D}"
EndProject
Project("{9A19103F-16F7-4668-BE54-9A1E7A4F7556}") = "Domain", "Domain\Domain.csproj", "{AF2C5DE4-E429-4962-8B3F-37F1FF4102BC}"
EndProject
Project("{9A19103F-16F7-4668-BE54-9A1E7A4F7556}") = "Infrastructure", "Infrastructure\Infrastructure.csproj", "{538BA9BB-7B86-4E60-9A3A-B47BD2A9D1C3}"
EndProject
Project("{9A19103F-16F7-4668-BE54-9A1E7A4F7556}") = "Interfaces.WebAPI", "Interfaces.WebAPI\Interfaces.WebAPI.csproj", "{E8ACD771-62A4-428F-8A7F-69B0E70EC427}"
EndProject
Global
	GlobalSection(SolutionConfigurationPlatforms) = preSolution
		Debug|Any CPU = Debug|Any CPU
		Release|Any CPU = Release|Any CPU
	EndGlobalSection
	GlobalSection(ProjectConfigurationPlatforms) = postSolution
		{AD8E35F7-7B11-4588-BF3A-165232046B6D}.Debug|Any CPU.ActiveCfg = Debug|Any CPU
		{AD8E35F7-7B11-4588-BF3A-165232046B6D}.Debug|Any CPU.Build.0 = Debug|Any CPU
		{AD8E35F7-7B11-4588-BF3A-165232046B6D}.Release|Any CPU.ActiveCfg = Release|Any CPU
		{AD8E35F7-7B11-4588-BF3A-165232046B6D}.Release|Any CPU.Build.0 = Release|Any CPU
		{AF2C5DE4-E429-4962-8B3F-37F1FF4102BC}.Debug|Any CPU.ActiveCfg = Debug|Any CPU
		{AF2C5DE4-E429-4962-8B3F-37F1FF4102BC}.Debug|Any CPU.Build.0 = Debug|Any CPU
		{AF2C5DE4-E429-4962-8B3F-37F1FF4102BC}.Release|Any CPU.ActiveCfg = Release|Any CPU
		{AF2C5DE4-E429-4962-8B3F-37F1FF4102BC}.Release|Any CPU.Build.0 = Release|Any CPU
		{538BA9BB-7B86-4E60-9A3A-B47BD2A9D1C3}.Debug|Any CPU.ActiveCfg = Debug|Any CPU
		{538BA9BB-7B86-4E60-9A3A-B47BD2A9D1C3}.Debug|Any CPU.Build.0 = Debug|Any CPU
		{538BA9BB-7B86-4E60-9A3A-B47BD2A9D1C3}.Release|Any CPU.ActiveCfg = Release|Any CPU
		{538BA9BB-7B86-4E60-9A3A-B47BD2A9D1C3}.Release|Any CPU.Build.0 = Release|Any CPU
		{E8ACD771-62A4-428F-8A7F-69B0E70EC427}.Debug|Any CPU.ActiveCfg = Debug|Any CPU
		{E8ACD771-62A4-428F-8A7F-69B0E70EC427}.Debug|Any CPU.Build.0 = Debug|Any CPU
		{E8ACD771-62A4-428F-8A7F-69B0E70EC427}.Release|Any CPU.ActiveCfg = Release|Any CPU
		{E8ACD771-62A4-428F-8A7F-69B0E70EC427}.Release|Any CPU.Build.0 = Release|Any CPU
	EndGlobalSection
	GlobalSection(SolutionProperties) = preSolution
		HideSolutionNode = FALSE
	EndGlobalSection
	GlobalSection(ExtensibilityGlobals) = postSolution
		SolutionGuid = {EB12ED24-5044-44A7-80A5-4143C3DC36A0}
	EndGlobalSection
EndGlobal
